// !$*UTF8*$!
{
	archiveVersion = 1;
	classes = {
	};
	objectVersion = 56;
	objects = {

/* Begin PBXBuildFile section */
		5B0CEF1828F303CA0057FC8A /* AnimationsApp.swift in Sources */ = {isa = PBXBuildFile; fileRef = 5B0CEF1728F303CA0057FC8A /* AnimationsApp.swift */; };
		5B0CEF1A28F303CA0057FC8A /* ContentView.swift in Sources */ = {isa = PBXBuildFile; fileRef = 5B0CEF1928F303CA0057FC8A /* ContentView.swift */; };
		5B0CEF1C28F303CC0057FC8A /* Assets.xcassets in Resources */ = {isa = PBXBuildFile; fileRef = 5B0CEF1B28F303CC0057FC8A /* Assets.xcassets */; };
		5B0CEF1F28F303CC0057FC8A /* Preview Assets.xcassets in Resources */ = {isa = PBXBuildFile; fileRef = 5B0CEF1E28F303CC0057FC8A /* Preview Assets.xcassets */; };
		5B0CEF2628F30DA40057FC8A /* Animation.swift in Sources */ = {isa = PBXBuildFile; fileRef = 5B0CEF2528F30DA40057FC8A /* Animation.swift */; };
		5B0CEF2828F30EC50057FC8A /* StepperAnimation.swift in Sources */ = {isa = PBXBuildFile; fileRef = 5B0CEF2728F30EC50057FC8A /* StepperAnimation.swift */; };
		5B0CEF2A28F3181E0057FC8A /* Animation3D.swift in Sources */ = {isa = PBXBuildFile; fileRef = 5B0CEF2928F3181D0057FC8A /* Animation3D.swift */; };
		5B0CEF2C28F345A30057FC8A /* AnimationGestures.swift in Sources */ = {isa = PBXBuildFile; fileRef = 5B0CEF2B28F345A30057FC8A /* AnimationGestures.swift */; };
		5B0CEF3028F34FFA0057FC8A /* AnimationViewsTransitions.swift in Sources */ = {isa = PBXBuildFile; fileRef = 5B0CEF2F28F34FFA0057FC8A /* AnimationViewsTransitions.swift */; };
		5BEAD6D128F367CF0086C45D /* ModifiersForViews.swift in Sources */ = {isa = PBXBuildFile; fileRef = 5BEAD6D028F367CF0086C45D /* ModifiersForViews.swift */; };
/* End PBXBuildFile section */

/* Begin PBXFileReference section */
		5B0CEF1428F303CA0057FC8A /* Animations.app */ = {isa = PBXFileReference; explicitFileType = wrapper.application; includeInIndex = 0; path = Animations.app; sourceTree = BUILT_PRODUCTS_DIR; };
		5B0CEF1728F303CA0057FC8A /* AnimationsApp.swift */ = {isa = PBXFileReference; lastKnownFileType = sourcecode.swift; path = AnimationsApp.swift; sourceTree = "<group>"; };
		5B0CEF1928F303CA0057FC8A /* ContentView.swift */ = {isa = PBXFileReference; lastKnownFileType = sourcecode.swift; path = ContentView.swift; sourceTree = "<group>"; };
		5B0CEF1B28F303CC0057FC8A /* Assets.xcassets */ = {isa = PBXFileReference; lastKnownFileType = folder.assetcatalog; path = Assets.xcassets; sourceTree = "<group>"; };
		5B0CEF1E28F303CC0057FC8A /* Preview Assets.xcassets */ = {isa = PBXFileReference; lastKnownFileType = folder.assetcatalog; path = "Preview Assets.xcassets"; sourceTree = "<group>"; };
		5B0CEF2528F30DA40057FC8A /* Animation.swift */ = {isa = PBXFileReference; lastKnownFileType = sourcecode.swift; path = Animation.swift; sourceTree = "<group>"; };
		5B0CEF2728F30EC50057FC8A /* StepperAnimation.swift */ = {isa = PBXFileReference; lastKnownFileType = sourcecode.swift; path = StepperAnimation.swift; sourceTree = "<group>"; };
		5B0CEF2928F3181D0057FC8A /* Animation3D.swift */ = {isa = PBXFileReference; lastKnownFileType = sourcecode.swift; path = Animation3D.swift; sourceTree = "<group>"; };
		5B0CEF2B28F345A30057FC8A /* AnimationGestures.swift */ = {isa = PBXFileReference; lastKnownFileType = sourcecode.swift; path = AnimationGestures.swift; sourceTree = "<group>"; };
		5B0CEF2F28F34FFA0057FC8A /* AnimationViewsTransitions.swift */ = {isa = PBXFileReference; lastKnownFileType = sourcecode.swift; path = AnimationViewsTransitions.swift; sourceTree = "<group>"; };
		5BEAD6D028F367CF0086C45D /* ModifiersForViews.swift */ = {isa = PBXFileReference; lastKnownFileType = sourcecode.swift; path = ModifiersForViews.swift; sourceTree = "<group>"; };
/* End PBXFileReference section */

/* Begin PBXFrameworksBuildPhase section */
		5B0CEF1128F303CA0057FC8A /* Frameworks */ = {
			isa = PBXFrameworksBuildPhase;
			buildActionMask = 2147483647;
			files = (
			);
			runOnlyForDeploymentPostprocessing = 0;
		};
/* End PBXFrameworksBuildPhase section */

/* Begin PBXGroup section */
		5B0CEF0B28F303CA0057FC8A = {
			isa = PBXGroup;
			children = (
				5B0CEF1628F303CA0057FC8A /* Animations */,
				5B0CEF1528F303CA0057FC8A /* Products */,
			);
			sourceTree = "<group>";
		};
		5B0CEF1528F303CA0057FC8A /* Products */ = {
			isa = PBXGroup;
			children = (
				5B0CEF1428F303CA0057FC8A /* Animations.app */,
			);
			name = Products;
			sourceTree = "<group>";
		};
		5B0CEF1628F303CA0057FC8A /* Animations */ = {
			isa = PBXGroup;
			children = (
				5B0CEF1728F303CA0057FC8A /* AnimationsApp.swift */,
				5B0CEF1928F303CA0057FC8A /* ContentView.swift */,
				5B0CEF2528F30DA40057FC8A /* Animation.swift */,
				5B0CEF2728F30EC50057FC8A /* StepperAnimation.swift */,
				5B0CEF2928F3181D0057FC8A /* Animation3D.swift */,
				5B0CEF2B28F345A30057FC8A /* AnimationGestures.swift */,
				5B0CEF2F28F34FFA0057FC8A /* AnimationViewsTransitions.swift */,
				5BEAD6D028F367CF0086C45D /* ModifiersForViews.swift */,
				5B0CEF1B28F303CC0057FC8A /* Assets.xcassets */,
				5B0CEF1D28F303CC0057FC8A /* Preview Content */,
			);
			path = Animations;
			sourceTree = "<group>";
		};
		5B0CEF1D28F303CC0057FC8A /* Preview Content */ = {
			isa = PBXGroup;
			children = (
				5B0CEF1E28F303CC0057FC8A /* Preview Assets.xcassets */,
			);
			path = "Preview Content";
			sourceTree = "<group>";
		};
/* End PBXGroup section */

/* Begin PBXNativeTarget section */
		5B0CEF1328F303CA0057FC8A /* Animations */ = {
			isa = PBXNativeTarget;
			buildConfigurationList = 5B0CEF2228F303CC0057FC8A /* Build configuration list for PBXNativeTarget "Animations" */;
			buildPhases = (
				5B0CEF1028F303CA0057FC8A /* Sources */,
				5B0CEF1128F303CA0057FC8A /* Frameworks */,
				5B0CEF1228F303CA0057FC8A /* Resources */,
			);
			buildRules = (
			);
			dependencies = (
			);
			name = Animations;
			productName = Animations;
			productReference = 5B0CEF1428F303CA0057FC8A /* Animations.app */;
			productType = "com.apple.product-type.application";
		};
/* End PBXNativeTarget section */

/* Begin PBXProject section */
		5B0CEF0C28F303CA0057FC8A /* Project object */ = {
			isa = PBXProject;
			attributes = {
				BuildIndependentTargetsInParallel = 1;
				LastSwiftUpdateCheck = 1400;
				LastUpgradeCheck = 1400;
				TargetAttributes = {
					5B0CEF1328F303CA0057FC8A = {
						CreatedOnToolsVersion = 14.0.1;
					};
				};
			};
			buildConfigurationList = 5B0CEF0F28F303CA0057FC8A /* Build configuration list for PBXProject "Animations" */;
			compatibilityVersion = "Xcode 14.0";
			developmentRegion = en;
			hasScannedForEncodings = 0;
			knownRegions = (
				en,
				Base,
			);
			mainGroup = 5B0CEF0B28F303CA0057FC8A;
			productRefGroup = 5B0CEF1528F303CA0057FC8A /* Products */;
			projectDirPath = "";
			projectRoot = "";
			targets = (
				5B0CEF1328F303CA0057FC8A /* Animations */,
			);
		};
/* End PBXProject section */

/* Begin PBXResourcesBuildPhase section */
		5B0CEF1228F303CA0057FC8A /* Resources */ = {
			isa = PBXResourcesBuildPhase;
			buildActionMask = 2147483647;
			files = (
				5B0CEF1F28F303CC0057FC8A /* Preview Assets.xcassets in Resources */,
				5B0CEF1C28F303CC0057FC8A /* Assets.xcassets in Resources */,
			);
			runOnlyForDeploymentPostprocessing = 0;
		};
/* End PBXResourcesBuildPhase section */

/* Begin PBXSourcesBuildPhase section */
		5B0CEF1028F303CA0057FC8A /* Sources */ = {
			isa = PBXSourcesBuildPhase;
			buildActionMask = 2147483647;
			files = (
				5B0CEF3028F34FFA0057FC8A /* AnimationViewsTransitions.swift in Sources */,
				5BEAD6D128F367CF0086C45D /* ModifiersForViews.swift in Sources */,
				5B0CEF2A28F3181E0057FC8A /* Animation3D.swift in Sources */,
				5B0CEF1A28F303CA0057FC8A /* ContentView.swift in Sources */,
				5B0CEF2C28F345A30057FC8A /* AnimationGestures.swift in Sources */,
				5B0CEF2628F30DA40057FC8A /* Animation.swift in Sources */,
				5B0CEF1828F303CA0057FC8A /* AnimationsApp.swift in Sources */,
				5B0CEF2828F30EC50057FC8A /* StepperAnimation.swift in Sources */,
			);
			runOnlyForDeploymentPostprocessing = 0;
		};
/* End PBXSourcesBuildPhase section */

/* Begin XCBuildConfiguration section */
		5B0CEF2028F303CC0057FC8A /* Debug */ = {
			isa = XCBuildConfiguration;
			buildSettings = {
				ALWAYS_SEARCH_USER_PATHS = NO;
				CLANG_ANALYZER_NONNULL = YES;
				CLANG_ANALYZER_NUMBER_OBJECT_CONVERSION = YES_AGGRESSIVE;
				CLANG_CXX_LANGUAGE_STANDARD = "gnu++20";
				CLANG_ENABLE_MODULES = YES;
				CLANG_ENABLE_OBJC_ARC = YES;
				CLANG_ENABLE_OBJC_WEAK = YES;
				CLANG_WARN_BLOCK_CAPTURE_AUTORELEASING = YES;
				CLANG_WARN_BOOL_CONVERSION = YES;
				CLANG_WARN_COMMA = YES;
				CLANG_WARN_CONSTANT_CONVERSION = YES;
				CLANG_WARN_DEPRECATED_OBJC_IMPLEMENTATIONS = YES;
				CLANG_WARN_DIRECT_OBJC_ISA_USAGE = YES_ERROR;
				CLANG_WARN_DOCUMENTATION_COMMENTS = YES;
				CLANG_WARN_EMPTY_BODY = YES;
				CLANG_WARN_ENUM_CONVERSION = YES;
				CLANG_WARN_INFINITE_RECURSION = YES;
				CLANG_WARN_INT_CONVERSION = YES;
				CLANG_WARN_NON_LITERAL_NULL_CONVERSION = YES;
				CLANG_WARN_OBJC_IMPLICIT_RETAIN_SELF = YES;
				CLANG_WARN_OBJC_LITERAL_CONVERSION = YES;
				CLANG_WARN_OBJC_ROOT_CLASS = YES_ERROR;
				CLANG_WARN_QUOTED_INCLUDE_IN_FRAMEWORK_HEADER = YES;
				CLANG_WARN_RANGE_LOOP_ANALYSIS = YES;
				CLANG_WARN_STRICT_PROTOTYPES = YES;
				CLANG_WARN_SUSPICIOUS_MOVE = YES;
				CLANG_WARN_UNGUARDED_AVAILABILITY = YES_AGGRESSIVE;
				CLANG_WARN_UNREACHABLE_CODE = YES;
				CLANG_WARN__DUPLICATE_METHOD_MATCH = YES;
				COPY_PHASE_STRIP = NO;
				DEBUG_INFORMATION_FORMAT = dwarf;
				ENABLE_STRICT_OBJC_MSGSEND = YES;
				ENABLE_TESTABILITY = YES;
				GCC_C_LANGUAGE_STANDARD = gnu11;
				GCC_DYNAMIC_NO_PIC = NO;
				GCC_NO_COMMON_BLOCKS = YES;
				GCC_OPTIMIZATION_LEVEL = 0;
				GCC_PREPROCESSOR_DEFINITIONS = (
					"DEBUG=1",
					"$(inherited)",
				);
				GCC_WARN_64_TO_32_BIT_CONVERSION = YES;
				GCC_WARN_ABOUT_RETURN_TYPE = YES_ERROR;
				GCC_WARN_UNDECLARED_SELECTOR = YES;
				GCC_WARN_UNINITIALIZED_AUTOS = YES_AGGRESSIVE;
				GCC_WARN_UNUSED_FUNCTION = YES;
				GCC_WARN_UNUSED_VARIABLE = YES;
				IPHONEOS_DEPLOYMENT_TARGET = 16.0;
				MTL_ENABLE_DEBUG_INFO = INCLUDE_SOURCE;
				MTL_FAST_MATH = YES;
				ONLY_ACTIVE_ARCH = YES;
				SDKROOT = iphoneos;
				SWIFT_ACTIVE_COMPILATION_CONDITIONS = DEBUG;
				SWIFT_OPTIMIZATION_LEVEL = "-Onone";
			};
			name = Debug;
		};
		5B0CEF2128F303CC0057FC8A /* Release */ = {
			isa = XCBuildConfiguration;
			buildSettings = {
				ALWAYS_SEARCH_USER_PATHS = NO;
				CLANG_ANALYZER_NONNULL = YES;
				CLANG_ANALYZER_NUMBER_OBJECT_CONVERSION = YES_AGGRESSIVE;
				CLANG_CXX_LANGUAGE_STANDARD = "gnu++20";
				CLANG_ENABLE_MODULES = YES;
				CLANG_ENABLE_OBJC_ARC = YES;
				CLANG_ENABLE_OBJC_WEAK = YES;
				CLANG_WARN_BLOCK_CAPTURE_AUTORELEASING = YES;
				CLANG_WARN_BOOL_CONVERSION = YES;
				CLANG_WARN_COMMA = YES;
				CLANG_WARN_CONSTANT_CONVERSION = YES;
				CLANG_WARN_DEPRECATED_OBJC_IMPLEMENTATIONS = YES;
				CLANG_WARN_DIRECT_OBJC_ISA_USAGE = YES_ERROR;
				CLANG_WARN_DOCUMENTATION_COMMENTS = YES;
				CLANG_WARN_EMPTY_BODY = YES;
				CLANG_WARN_ENUM_CONVERSION = YES;
				CLANG_WARN_INFINITE_RECURSION = YES;
				CLANG_WARN_INT_CONVERSION = YES;
				CLANG_WARN_NON_LITERAL_NULL_CONVERSION = YES;
				CLANG_WARN_OBJC_IMPLICIT_RETAIN_SELF = YES;
				CLANG_WARN_OBJC_LITERAL_CONVERSION = YES;
				CLANG_WARN_OBJC_ROOT_CLASS = YES_ERROR;
				CLANG_WARN_QUOTED_INCLUDE_IN_FRAMEWORK_HEADER = YES;
				CLANG_WARN_RANGE_LOOP_ANALYSIS = YES;
				CLANG_WARN_STRICT_PROTOTYPES = YES;
				CLANG_WARN_SUSPICIOUS_MOVE = YES;
				CLANG_WARN_UNGUARDED_AVAILABILITY = YES_AGGRESSIVE;
				CLANG_WARN_UNREACHABLE_CODE = YES;
				CLANG_WARN__DUPLICATE_METHOD_MATCH = YES;
				COPY_PHASE_STRIP = NO;
				DEBUG_INFORMATION_FORMAT = "dwarf-with-dsym";
				ENABLE_NS_ASSERTIONS = NO;
				ENABLE_STRICT_OBJC_MSGSEND = YES;
				GCC_C_LANGUAGE_STANDARD = gnu11;
				GCC_NO_COMMON_BLOCKS = YES;
				GCC_WARN_64_TO_32_BIT_CONVERSION = YES;
				GCC_WARN_ABOUT_RETURN_TYPE = YES_ERROR;
				GCC_WARN_UNDECLARED_SELECTOR = YES;
				GCC_WARN_UNINITIALIZED_AUTOS = YES_AGGRESSIVE;
				GCC_WARN_UNUSED_FUNCTION = YES;
				GCC_WARN_UNUSED_VARIABLE = YES;
				IPHONEOS_DEPLOYMENT_TARGET = 16.0;
				MTL_ENABLE_DEBUG_INFO = NO;
				MTL_FAST_MATH = YES;
				SDKROOT = iphoneos;
				SWIFT_COMPILATION_MODE = wholemodule;
				SWIFT_OPTIMIZATION_LEVEL = "-O";
				VALIDATE_PRODUCT = YES;
			};
			name = Release;
		};
		5B0CEF2328F303CC0057FC8A /* Debug */ = {
			isa = XCBuildConfiguration;
			buildSettings = {
				ASSETCATALOG_COMPILER_APPICON_NAME = AppIcon;
				ASSETCATALOG_COMPILER_GLOBAL_ACCENT_COLOR_NAME = AccentColor;
				CODE_SIGN_STYLE = Automatic;
				CURRENT_PROJECT_VERSION = 1;
				DEVELOPMENT_ASSET_PATHS = "\"Animations/Preview Content\"";
				DEVELOPMENT_TEAM = RTW9M5R2XR;
				ENABLE_PREVIEWS = YES;
				GENERATE_INFOPLIST_FILE = YES;
				INFOPLIST_KEY_UIApplicationSceneManifest_Generation = YES;
				INFOPLIST_KEY_UIApplicationSupportsIndirectInputEvents = YES;
				INFOPLIST_KEY_UILaunchScreen_Generation = YES;
				INFOPLIST_KEY_UISupportedInterfaceOrientations_iPad = "UIInterfaceOrientationPortrait UIInterfaceOrientationPortraitUpsideDown UIInterfaceOrientationLandscapeLeft UIInterfaceOrientationLandscapeRight";
				INFOPLIST_KEY_UISupportedInterfaceOrientations_iPhone = "UIInterfaceOrientationPortrait UIInterfaceOrientationLandscapeLeft UIInterfaceOrientationLandscapeRight";
				IPHONEOS_DEPLOYMENT_TARGET = 16.0;
				LD_RUNPATH_SEARCH_PATHS = (
					"$(inherited)",
					"@executable_path/Frameworks",
				);
				MARKETING_VERSION = 1.0;
				PRODUCT_BUNDLE_IDENTIFIER = com.alekseynosik.Animations;
				PRODUCT_NAME = "$(TARGET_NAME)";
				SWIFT_EMIT_LOC_STRINGS = YES;
				SWIFT_VERSION = 5.0;
				TARGETED_DEVICE_FAMILY = "1,2";
			};
			name = Debug;
		};
		5B0CEF2428F303CC0057FC8A /* Release */ = {
			isa = XCBuildConfiguration;
			buildSettings = {
				ASSETCATALOG_COMPILER_APPICON_NAME = AppIcon;
				ASSETCATALOG_COMPILER_GLOBAL_ACCENT_COLOR_NAME = AccentColor;
				CODE_SIGN_STYLE = Automatic;
				CURRENT_PROJECT_VERSION = 1;
				DEVELOPMENT_ASSET_PATHS = "\"Animations/Preview Content\"";
				DEVELOPMENT_TEAM = RTW9M5R2XR;
				ENABLE_PREVIEWS = YES;
				GENERATE_INFOPLIST_FILE = YES;
				INFOPLIST_KEY_UIApplicationSceneManifest_Generation = YES;
				INFOPLIST_KEY_UIApplicationSupportsIndirectInputEvents = YES;
				INFOPLIST_KEY_UILaunchScreen_Generation = YES;
				INFOPLIST_KEY_UISupportedInterfaceOrientations_iPad = "UIInterfaceOrientationPortrait UIInterfaceOrientationPortraitUpsideDown UIInterfaceOrientationLandscapeLeft UIInterfaceOrientationLandscapeRight";
				INFOPLIST_KEY_UISupportedInterfaceOrientations_iPhone = "UIInterfaceOrientationPortrait UIInterfaceOrientationLandscapeLeft UIInterfaceOrientationLandscapeRight";
				IPHONEOS_DEPLOYMENT_TARGET = 16.0;
				LD_RUNPATH_SEARCH_PATHS = (
					"$(inherited)",
					"@executable_path/Frameworks",
				);
				MARKETING_VERSION = 1.0;
				PRODUCT_BUNDLE_IDENTIFIER = com.alekseynosik.Animations;
				PRODUCT_NAME = "$(TARGET_NAME)";
				SWIFT_EMIT_LOC_STRINGS = YES;
				SWIFT_VERSION = 5.0;
				TARGETED_DEVICE_FAMILY = "1,2";
			};
			name = Release;
		};
/* End XCBuildConfiguration section */

/* Begin XCConfigurationList section */
		5B0CEF0F28F303CA0057FC8A /* Build configuration list for PBXProject "Animations" */ = {
			isa = XCConfigurationList;
			buildConfigurations = (
				5B0CEF2028F303CC0057FC8A /* Debug */,
				5B0CEF2128F303CC0057FC8A /* Release */,
			);
			defaultConfigurationIsVisible = 0;
			defaultConfigurationName = Release;
		};
		5B0CEF2228F303CC0057FC8A /* Build configuration list for PBXNativeTarget "Animations" */ = {
			isa = XCConfigurationList;
			buildConfigurations = (
				5B0CEF2328F303CC0057FC8A /* Debug */,
				5B0CEF2428F303CC0057FC8A /* Release */,
			);
			defaultConfigurationIsVisible = 0;
			defaultConfigurationName = Release;
		};
/* End XCConfigurationList section */
	};
	rootObject = 5B0CEF0C28F303CA0057FC8A /* Project object */;
}
